
Microsoft Visual Studio Solution File, Format Version 12.00
# Visual Studio Version 17
VisualStudioVersion = 17.11.35312.102
MinimumVisualStudioVersion = 10.0.40219.1
Project("{FAE04EC0-301F-11D3-BF4B-00C04F79EFBC}") = "NumbersGame", "NumbersGame.csproj", "{43C26BDD-D4E0-4869-ABE9-65DBE2B5809D}"
EndProject
Global
	GlobalSection(SolutionConfigurationPlatforms) = preSolution
		Debug|Any CPU = Debug|Any CPU
		Release|Any CPU = Release|Any CPU
	EndGlobalSection
	GlobalSection(ProjectConfigurationPlatforms) = postSolution
		{43C26BDD-D4E0-4869-ABE9-65DBE2B5809D}.Debug|Any CPU.ActiveCfg = Debug|Any CPU
		{43C26BDD-D4E0-4869-ABE9-65DBE2B5809D}.Debug|Any CPU.Build.0 = Debug|Any CPU
		{43C26BDD-D4E0-4869-ABE9-65DBE2B5809D}.Release|Any CPU.ActiveCfg = Release|Any CPU
		{43C26BDD-D4E0-4869-ABE9-65DBE2B5809D}.Release|Any CPU.Build.0 = Release|Any CPU
	EndGlobalSection
	GlobalSection(SolutionProperties) = preSolution
		HideSolutionNode = FALSE
	EndGlobalSection
	GlobalSection(ExtensibilityGlobals) = postSolution
		SolutionGuid = {5C0FFBEC-D2E5-4E1E-B476-7034EF292E7F}
	EndGlobalSection
EndGlobal
